PODS:
  - ISGCategory (0.1.4):
    - MBProgressHUD (~> 1.1.0)
  - MBProgressHUD (1.1.0)

DEPENDENCIES:
  - ISGCategory (from `../`)

EXTERNAL SOURCES:
  ISGCategory:
    :path: ../

SPEC CHECKSUMS:
  ISGCategory: 021491171fb2eb195e31c216beb93306bafef0ee
  MBProgressHUD: e7baa36a220447d8aeb12769bf0585582f3866d9

PODFILE CHECKSUM: 4c53551d2e30ace993139615c58d8fb435fc0748

COCOAPODS: 1.4.0
